
Microsoft Visual Studio Solution File, Format Version 12.00
# Visual Studio Version 16
VisualStudioVersion = 16.0.30907.101
MinimumVisualStudioVersion = 10.0.40219.1
Project("{FAE04EC0-301F-11D3-BF4B-00C04F79EFBC}") = "Masters.Api", "Masters.Api\Masters.Api.csproj", "{8F61C476-CBF9-4F61-A473-659BB5593A84}"
EndProject
Project("{FAE04EC0-301F-11D3-BF4B-00C04F79EFBC}") = "Services", "Services\Services.csproj", "{9C1B718E-CB17-426F-A274-439667B964B7}"
EndProject
Global
	GlobalSection(SolutionConfigurationPlatforms) = preSolution
		Debug|Any CPU = Debug|Any CPU
		Release|Any CPU = Release|Any CPU
	EndGlobalSection
	GlobalSection(ProjectConfigurationPlatforms) = postSolution
		{8F61C476-CBF9-4F61-A473-659BB5593A84}.Debug|Any CPU.ActiveCfg = Debug|Any CPU
		{8F61C476-CBF9-4F61-A473-659BB5593A84}.Debug|Any CPU.Build.0 = Debug|Any CPU
		{8F61C476-CBF9-4F61-A473-659BB5593A84}.Release|Any CPU.ActiveCfg = Release|Any CPU
		{8F61C476-CBF9-4F61-A473-659BB5593A84}.Release|Any CPU.Build.0 = Release|Any CPU
		{9C1B718E-CB17-426F-A274-439667B964B7}.Debug|Any CPU.ActiveCfg = Debug|Any CPU
		{9C1B718E-CB17-426F-A274-439667B964B7}.Debug|Any CPU.Build.0 = Debug|Any CPU
		{9C1B718E-CB17-426F-A274-439667B964B7}.Release|Any CPU.ActiveCfg = Release|Any CPU
		{9C1B718E-CB17-426F-A274-439667B964B7}.Release|Any CPU.Build.0 = Release|Any CPU
	EndGlobalSection
	GlobalSection(SolutionProperties) = preSolution
		HideSolutionNode = FALSE
	EndGlobalSection
	GlobalSection(ExtensibilityGlobals) = postSolution
		SolutionGuid = {DC8185F7-138E-45FD-A5F6-24DA830FD640}
	EndGlobalSection
EndGlobal
